
Microsoft Visual Studio Solution File, Format Version 12.00
# Visual Studio Version 17
VisualStudioVersion = 17.5.002.0
MinimumVisualStudioVersion = 10.0.40219.1
Project("{2150E333-8FDC-42A3-9474-1A3956D46DE8}") = "apps", "apps", "{20FE5196-77EF-4B94-9FA4-4F175EDBEF52}"
EndProject
Project("{9A19103F-16F7-4668-BE54-9A1E7A4F7556}") = "Api", "apps\api\Api.csproj", "{18A91601-E4C5-4EA5-88C0-165D87017309}"
EndProject
Global
	GlobalSection(SolutionConfigurationPlatforms) = preSolution
		Debug|Any CPU = Debug|Any CPU
		Release|Any CPU = Release|Any CPU
	EndGlobalSection
	GlobalSection(ProjectConfigurationPlatforms) = postSolution
		{18A91601-E4C5-4EA5-88C0-165D87017309}.Debug|Any CPU.ActiveCfg = Debug|Any CPU
		{18A91601-E4C5-4EA5-88C0-165D87017309}.Debug|Any CPU.Build.0 = Debug|Any CPU
		{18A91601-E4C5-4EA5-88C0-165D87017309}.Release|Any CPU.ActiveCfg = Release|Any CPU
		{18A91601-E4C5-4EA5-88C0-165D87017309}.Release|Any CPU.Build.0 = Release|Any CPU
	EndGlobalSection
	GlobalSection(SolutionProperties) = preSolution
		HideSolutionNode = FALSE
	EndGlobalSection
	GlobalSection(NestedProjects) = preSolution
		{18A91601-E4C5-4EA5-88C0-165D87017309} = {20FE5196-77EF-4B94-9FA4-4F175EDBEF52}
	EndGlobalSection
	GlobalSection(ExtensibilityGlobals) = postSolution
		SolutionGuid = {9C261487-4742-4CEE-B257-3A20D13DF946}
	EndGlobalSection
EndGlobal
